
Microsoft Visual Studio Solution File, Format Version 12.00
# Visual Studio Version 17
VisualStudioVersion = 17.13.35818.85
MinimumVisualStudioVersion = 10.0.40219.1
Project("{FAE04EC0-301F-11D3-BF4B-00C04F79EFBC}") = "RESERVACIONES", "RESERVACIONES\RESERVACIONES.csproj", "{2FB31681-932B-4D5D-97A4-D9D40D282D7D}"
EndProject
Project("{FAE04EC0-301F-11D3-BF4B-00C04F79EFBC}") = "MVC-RESERVACIONES", "MVC-RESERVACIONES\MVC-RESERVACIONES.csproj", "{E2265E83-D767-4C0B-8075-8B532142E783}"
EndProject
Global
	GlobalSection(SolutionConfigurationPlatforms) = preSolution
		Debug|Any CPU = Debug|Any CPU
		Release|Any CPU = Release|Any CPU
	EndGlobalSection
	GlobalSection(ProjectConfigurationPlatforms) = postSolution
		{2FB31681-932B-4D5D-97A4-D9D40D282D7D}.Debug|Any CPU.ActiveCfg = Debug|Any CPU
		{2FB31681-932B-4D5D-97A4-D9D40D282D7D}.Debug|Any CPU.Build.0 = Debug|Any CPU
		{2FB31681-932B-4D5D-97A4-D9D40D282D7D}.Release|Any CPU.ActiveCfg = Release|Any CPU
		{2FB31681-932B-4D5D-97A4-D9D40D282D7D}.Release|Any CPU.Build.0 = Release|Any CPU
		{E2265E83-D767-4C0B-8075-8B532142E783}.Debug|Any CPU.ActiveCfg = Debug|Any CPU
		{E2265E83-D767-4C0B-8075-8B532142E783}.Debug|Any CPU.Build.0 = Debug|Any CPU
		{E2265E83-D767-4C0B-8075-8B532142E783}.Release|Any CPU.ActiveCfg = Release|Any CPU
		{E2265E83-D767-4C0B-8075-8B532142E783}.Release|Any CPU.Build.0 = Release|Any CPU
	EndGlobalSection
	GlobalSection(SolutionProperties) = preSolution
		HideSolutionNode = FALSE
	EndGlobalSection
	GlobalSection(ExtensibilityGlobals) = postSolution
		SolutionGuid = {6583C0C6-92F4-4C0F-B4F5-F687847A1801}
	EndGlobalSection
EndGlobal
